
Microsoft Visual Studio Solution File, Format Version 12.00
# Visual Studio Version 17
VisualStudioVersion = 17.0.31903.59
MinimumVisualStudioVersion = 10.0.40219.1
Project("{FAE04EC0-301F-11D3-BF4B-00C04F79EFBC}") = "PetStore.Client", "PetStore.Client\PetStore.Client.csproj", "{7344D5F3-C2C6-4CB8-8BD8-C28CAAD0104A}"
EndProject
Project("{FAE04EC0-301F-11D3-BF4B-00C04F79EFBC}") = "PetStore.Tests", "PetStore.Tests\PetStore.Tests.csproj", "{7C98AC27-DB9E-44E5-B397-113B7FCB1E5E}"
EndProject
Project("{FAE04EC0-301F-11D3-BF4B-00C04F79EFBC}") = "Reserved.Specs", "Reserved.Specs\Reserved.Specs.csproj", "{302DC6B4-1932-4B13-8C63-590BC2C54628}"
EndProject
Global
	GlobalSection(SolutionConfigurationPlatforms) = preSolution
		Debug|Any CPU = Debug|Any CPU
		Debug|x64 = Debug|x64
		Debug|x86 = Debug|x86
		Release|Any CPU = Release|Any CPU
		Release|x64 = Release|x64
		Release|x86 = Release|x86
	EndGlobalSection
	GlobalSection(ProjectConfigurationPlatforms) = postSolution
		{7344D5F3-C2C6-4CB8-8BD8-C28CAAD0104A}.Debug|Any CPU.ActiveCfg = Debug|Any CPU
		{7344D5F3-C2C6-4CB8-8BD8-C28CAAD0104A}.Debug|Any CPU.Build.0 = Debug|Any CPU
		{7344D5F3-C2C6-4CB8-8BD8-C28CAAD0104A}.Debug|x64.ActiveCfg = Debug|Any CPU
		{7344D5F3-C2C6-4CB8-8BD8-C28CAAD0104A}.Debug|x64.Build.0 = Debug|Any CPU
		{7344D5F3-C2C6-4CB8-8BD8-C28CAAD0104A}.Debug|x86.ActiveCfg = Debug|Any CPU
		{7344D5F3-C2C6-4CB8-8BD8-C28CAAD0104A}.Debug|x86.Build.0 = Debug|Any CPU
		{7344D5F3-C2C6-4CB8-8BD8-C28CAAD0104A}.Release|Any CPU.ActiveCfg = Release|Any CPU
		{7344D5F3-C2C6-4CB8-8BD8-C28CAAD0104A}.Release|Any CPU.Build.0 = Release|Any CPU
		{7344D5F3-C2C6-4CB8-8BD8-C28CAAD0104A}.Release|x64.ActiveCfg = Release|Any CPU
		{7344D5F3-C2C6-4CB8-8BD8-C28CAAD0104A}.Release|x64.Build.0 = Release|Any CPU
		{7344D5F3-C2C6-4CB8-8BD8-C28CAAD0104A}.Release|x86.ActiveCfg = Release|Any CPU
		{7344D5F3-C2C6-4CB8-8BD8-C28CAAD0104A}.Release|x86.Build.0 = Release|Any CPU
		{7C98AC27-DB9E-44E5-B397-113B7FCB1E5E}.Debug|Any CPU.ActiveCfg = Debug|Any CPU
		{7C98AC27-DB9E-44E5-B397-113B7FCB1E5E}.Debug|Any CPU.Build.0 = Debug|Any CPU
		{7C98AC27-DB9E-44E5-B397-113B7FCB1E5E}.Debug|x64.ActiveCfg = Debug|Any CPU
		{7C98AC27-DB9E-44E5-B397-113B7FCB1E5E}.Debug|x64.Build.0 = Debug|Any CPU
		{7C98AC27-DB9E-44E5-B397-113B7FCB1E5E}.Debug|x86.ActiveCfg = Debug|Any CPU
		{7C98AC27-DB9E-44E5-B397-113B7FCB1E5E}.Debug|x86.Build.0 = Debug|Any CPU
		{7C98AC27-DB9E-44E5-B397-113B7FCB1E5E}.Release|Any CPU.ActiveCfg = Release|Any CPU
		{7C98AC27-DB9E-44E5-B397-113B7FCB1E5E}.Release|Any CPU.Build.0 = Release|Any CPU
		{7C98AC27-DB9E-44E5-B397-113B7FCB1E5E}.Release|x64.ActiveCfg = Release|Any CPU
		{7C98AC27-DB9E-44E5-B397-113B7FCB1E5E}.Release|x64.Build.0 = Release|Any CPU
		{7C98AC27-DB9E-44E5-B397-113B7FCB1E5E}.Release|x86.ActiveCfg = Release|Any CPU
		{7C98AC27-DB9E-44E5-B397-113B7FCB1E5E}.Release|x86.Build.0 = Release|Any CPU
		{302DC6B4-1932-4B13-8C63-590BC2C54628}.Debug|Any CPU.ActiveCfg = Debug|Any CPU
		{302DC6B4-1932-4B13-8C63-590BC2C54628}.Debug|Any CPU.Build.0 = Debug|Any CPU
		{302DC6B4-1932-4B13-8C63-590BC2C54628}.Debug|x64.ActiveCfg = Debug|Any CPU
		{302DC6B4-1932-4B13-8C63-590BC2C54628}.Debug|x64.Build.0 = Debug|Any CPU
		{302DC6B4-1932-4B13-8C63-590BC2C54628}.Debug|x86.ActiveCfg = Debug|Any CPU
		{302DC6B4-1932-4B13-8C63-590BC2C54628}.Debug|x86.Build.0 = Debug|Any CPU
		{302DC6B4-1932-4B13-8C63-590BC2C54628}.Release|Any CPU.ActiveCfg = Release|Any CPU
		{302DC6B4-1932-4B13-8C63-590BC2C54628}.Release|Any CPU.Build.0 = Release|Any CPU
		{302DC6B4-1932-4B13-8C63-590BC2C54628}.Release|x64.ActiveCfg = Release|Any CPU
		{302DC6B4-1932-4B13-8C63-590BC2C54628}.Release|x64.Build.0 = Release|Any CPU
		{302DC6B4-1932-4B13-8C63-590BC2C54628}.Release|x86.ActiveCfg = Release|Any CPU
		{302DC6B4-1932-4B13-8C63-590BC2C54628}.Release|x86.Build.0 = Release|Any CPU
	EndGlobalSection
	GlobalSection(SolutionProperties) = preSolution
		HideSolutionNode = FALSE
	EndGlobalSection
EndGlobal
